Microsoft Visual Studio Solution File, Format Version 11.00
# Visual Studio 2008

Project("{C7FE7669-B33C-24E6-CD1F-19EBB9177AB8}") = "GamedevMCO1Platformer", "Assembly-CSharp.csproj", "{ACF9444D-3207-1543-7C20-62752B8C29D0}"
EndProject
Global
	GlobalSection(SolutionConfigurationPlatforms) = preSolution
		Debug|Any CPU = Debug|Any CPU
		Release|Any CPU = Release|Any CPU
	EndGlobalSection
	GlobalSection(ProjectConfigurationPlatforms) = postSolution
		{ACF9444D-3207-1543-7C20-62752B8C29D0}.Debug|Any CPU.ActiveCfg = Debug|Any CPU
		{ACF9444D-3207-1543-7C20-62752B8C29D0}.Debug|Any CPU.Build.0 = Debug|Any CPU
		{ACF9444D-3207-1543-7C20-62752B8C29D0}.Release|Any CPU.ActiveCfg = Release|Any CPU
		{ACF9444D-3207-1543-7C20-62752B8C29D0}.Release|Any CPU.Build.0 = Release|Any CPU
	EndGlobalSection
	GlobalSection(SolutionProperties) = preSolution
		HideSolutionNode = FALSE
	EndGlobalSection
	GlobalSection(MonoDevelopProperties) = preSolution
		StartupItem = Assembly-CSharp.csproj
	EndGlobalSection
EndGlobal
